<?xml version="1.0" encoding="utf-8"?>
<Project ToolsVersion="4.0" xmlns="http://schemas.microsoft.com/developer/msbuild/2003">
  <ItemGroup>
    <Filter Include="Source Files">
      <UniqueIdentifier>{f623bb58-9fed-48f4-9095-cab1c7cdfd5a}</UniqueIdentifier>
      <Extensions>cpp;c;cxx;rc;def;r;odl;idl;hpj;bat</Extensions>
    </Filter>
    <Filter Include="Header Files">
      <UniqueIdentifier>{7d9f4c09-16f1-4fc5-813e-5fa3517fcaf4}</UniqueIdentifier>
      <Extensions>h;hpp;hxx;hm;inl</Extensions>
    </Filter>
    <Filter Include="Resource Files">
      <UniqueIdentifier>{534abe4e-bf5a-450b-9bbb-671ac3855e3d}</UniqueIdentifier>
      <Extensions>ico;cur;bmp;dlg;rc2;rct;bin;rgs;gif;jpg;jpeg;jpe</Extensions>
    </Filter>
  </ItemGroup>
  <ItemGroup>
    <ClCompile Include="StdAfx.cpp">
      <Filter>Source Files</Filter>
    </ClCompile>
    <ClCompile Include="test.cpp">
      <Filter>Source Files</Filter>
    </ClCompile>
    <ClCompile Include="testDlg.cpp">
      <Filter>Source Files</Filter>
    </ClCompile>
    <ClCompile Include="TestListBox.cpp">
      <Filter>Source Files</Filter>
    </ClCompile>
    <ClCompile Include="uTimeCounter.cpp">
      <Filter>Source Files</Filter>
    </ClCompile>
    <ClCompile Include="InfoDialog.cpp">
      <Filter>Source Files</Filter>
    </ClCompile>
    <ClCompile Include="TabCarDialog.cpp">
      <Filter>Source Files</Filter>
    </ClCompile>
    <ClCompile Include="TabDriverDialog.cpp">
      <Filter>Source Files</Filter>
    </ClCompile>
    <ClCompile Include="TabPositionDialog.cpp">
      <Filter>Source Files</Filter>
    </ClCompile>
    <ClCompile Include="TabExtremumDialog.cpp">
      <Filter>Source Files</Filter>
    </ClCompile>
    <ClCompile Include="TabBatteryV.cpp">
      <Filter>Source Files</Filter>
    </ClCompile>
    <ClCompile Include="TabBatteryT.cpp">
      <Filter>Source Files</Filter>
    </ClCompile>
  </ItemGroup>
  <ItemGroup>
    <ResourceCompile Include="test.rc">
      <Filter>Source Files</Filter>
    </ResourceCompile>
  </ItemGroup>
  <ItemGroup>
    <ClInclude Include="ControlCAN.h">
      <Filter>Header Files</Filter>
    </ClInclude>
    <ClInclude Include="Resource.h">
      <Filter>Header Files</Filter>
    </ClInclude>
    <ClInclude Include="StdAfx.h">
      <Filter>Header Files</Filter>
    </ClInclude>
    <ClInclude Include="test.h">
      <Filter>Header Files</Filter>
    </ClInclude>
    <ClInclude Include="testDlg.h">
      <Filter>Header Files</Filter>
    </ClInclude>
    <ClInclude Include="TestListBox.h">
      <Filter>Header Files</Filter>
    </ClInclude>
    <ClInclude Include="uTimeCounter.h">
      <Filter>Header Files</Filter>
    </ClInclude>
    <ClInclude Include="InfoDialog.h">
      <Filter>Header Files</Filter>
    </ClInclude>
    <ClInclude Include="TabCarDialog.h">
      <Filter>Header Files</Filter>
    </ClInclude>
    <ClInclude Include="TabDriverDialog.h">
      <Filter>Header Files</Filter>
    </ClInclude>
    <ClInclude Include="TabPositionDialog.h">
      <Filter>Header Files</Filter>
    </ClInclude>
    <ClInclude Include="TabExtremumDialog.h">
      <Filter>Header Files</Filter>
    </ClInclude>
    <ClInclude Include="TabBatteryV.h">
      <Filter>Header Files</Filter>
    </ClInclude>
    <ClInclude Include="TabBatteryT.h">
      <Filter>Header Files</Filter>
    </ClInclude>
  </ItemGroup>
  <ItemGroup>
    <Image Include="res\test.ico">
      <Filter>Resource Files</Filter>
    </Image>
  </ItemGroup>
  <ItemGroup>
    <None Include="res\test.rc2">
      <Filter>Resource Files</Filter>
    </None>
  </ItemGroup>
  <ItemGroup>
    <Library Include="ControlCAN.lib" />
  </ItemGroup>
  <ItemGroup>
    <Text Include="ReadMe.txt" />
  </ItemGroup>
</Project>