<?xml version="1.0" encoding="utf-8"?>
<Project ToolsVersion="4.0" xmlns="http://schemas.microsoft.com/developer/msbuild/2003">
  <ItemGroup>
    <Filter Include="Source Files">
      <UniqueIdentifier>{f623bb58-9fed-48f4-9095-cab1c7cdfd5a}</UniqueIdentifier>
      <Extensions>cpp;c;cxx;rc;def;r;odl;idl;hpj;bat</Extensions>
    </Filter>
    <Filter Include="Header Files">
      <UniqueIdentifier>{7d9f4c09-16f1-4fc5-813e-5fa3517fcaf4}</UniqueIdentifier>
      <Extensions>h;hpp;hxx;hm;inl</Extensions>
    </Filter>
    <Filter Include="Resource Files">
      <UniqueIdentifier>{534abe4e-bf5a-450b-9bbb-671ac3855e3d}</UniqueIdentifier>
      <Extensions>ico;cur;bmp;dlg;rc2;rct;bin;rgs;gif;jpg;jpeg;jpe</Extensions>
    </Filter>
  </ItemGroup>
  <ItemGroup>
    <ClCompile Include="StdAfx.cpp">
      <Filter>Source Files</Filter>
    </ClCompile>
    <ClCompile Include="test.cpp">
      <Filter>Source Files</Filter>
    </ClCompile>
    <ClCompile Include="testDlg.cpp">
      <Filter>Source Files</Filter>
    </ClCompile>
    <ClCompile Include="TestListBox.cpp">
      <Filter>Source Files</Filter>
    </ClCompile>
    <ClCompile Include="uTimeCounter.cpp">
      <Filter>Source Files</Filter>
    </ClCompile>
    <ClCompile Include="InfoDialog.cpp">
      <Filter>Source Files</Filter>
    </ClCompile>
    <ClCompile Include="TabCarDialog.cpp">
      <Filter>Source Files</Filter>
    </ClCompile>
    <ClCompile Include="TabDriverDialog.cpp">
      <Filter>Source Files</Filter>
    </ClCompile>
    <ClCompile Include="TabPositionDialog.cpp">
      <Filter>Source Files</Filter>
    </ClCompile>
    <ClCompile Include="TabExtremumDialog.cpp">
      <Filter>Source Files</Filter>
    </ClCompile>
    <ClCompile Include="TabBatteryV.cpp">
      <Filter>Source Files</Filter>
    </ClCompile>
    <ClCompile Include="TabBatteryT.cpp">
      <Filter>Source Files</Filter>
    </ClCompile>
    <ClCompile Include="ChartCtrl_source\ChartAxis.cpp">
      <Filter>Source Files</Filter>
    </ClCompile>
    <ClCompile Include="ChartCtrl_source\ChartAxisLabel.cpp">
      <Filter>Source Files</Filter>
    </ClCompile>
    <ClCompile Include="ChartCtrl_source\ChartBarSerie.cpp">
      <Filter>Source Files</Filter>
    </ClCompile>
    <ClCompile Include="ChartCtrl_source\ChartCandlestickSerie.cpp">
      <Filter>Source Files</Filter>
    </ClCompile>
    <ClCompile Include="ChartCtrl_source\ChartCrossHairCursor.cpp">
      <Filter>Source Files</Filter>
    </ClCompile>
    <ClCompile Include="ChartCtrl_source\ChartCtrl.cpp">
      <Filter>Source Files</Filter>
    </ClCompile>
    <ClCompile Include="ChartCtrl_source\ChartCursor.cpp">
      <Filter>Source Files</Filter>
    </ClCompile>
    <ClCompile Include="ChartCtrl_source\ChartDateTimeAxis.cpp">
      <Filter>Source Files</Filter>
    </ClCompile>
    <ClCompile Include="ChartCtrl_source\ChartDragLineCursor.cpp">
      <Filter>Source Files</Filter>
    </ClCompile>
    <ClCompile Include="ChartCtrl_source\ChartFont.cpp">
      <Filter>Source Files</Filter>
    </ClCompile>
    <ClCompile Include="ChartCtrl_source\ChartGanttSerie.cpp">
      <Filter>Source Files</Filter>
    </ClCompile>
    <ClCompile Include="ChartCtrl_source\ChartGradient.cpp">
      <Filter>Source Files</Filter>
    </ClCompile>
    <ClCompile Include="ChartCtrl_source\ChartGrid.cpp">
      <Filter>Source Files</Filter>
    </ClCompile>
    <ClCompile Include="ChartCtrl_source\ChartLegend.cpp">
      <Filter>Source Files</Filter>
    </ClCompile>
    <ClCompile Include="ChartCtrl_source\ChartLineSerie.cpp">
      <Filter>Source Files</Filter>
    </ClCompile>
    <ClCompile Include="ChartCtrl_source\ChartLogarithmicAxis.cpp">
      <Filter>Source Files</Filter>
    </ClCompile>
    <ClCompile Include="ChartCtrl_source\ChartPointsSerie.cpp">
      <Filter>Source Files</Filter>
    </ClCompile>
    <ClCompile Include="ChartCtrl_source\ChartScrollBar.cpp">
      <Filter>Source Files</Filter>
    </ClCompile>
    <ClCompile Include="ChartCtrl_source\ChartSerie.cpp">
      <Filter>Source Files</Filter>
    </ClCompile>
    <ClCompile Include="ChartCtrl_source\ChartStandardAxis.cpp">
      <Filter>Source Files</Filter>
    </ClCompile>
    <ClCompile Include="ChartCtrl_source\ChartSurfaceSerie.cpp">
      <Filter>Source Files</Filter>
    </ClCompile>
    <ClCompile Include="ChartCtrl_source\ChartTitle.cpp">
      <Filter>Source Files</Filter>
    </ClCompile>
    <ClCompile Include="ChartCtrl_source\ChartXYSerie.cpp">
      <Filter>Source Files</Filter>
    </ClCompile>
    <ClCompile Include="TabWarnDialog.cpp">
      <Filter>Source Files</Filter>
    </ClCompile>
    <ClCompile Include="HaideProtocolDialog.cpp">
      <Filter>Source Files</Filter>
    </ClCompile>
    <ClCompile Include="FrameRuleDialog.cpp">
      <Filter>Source Files</Filter>
    </ClCompile>
    <ClCompile Include="MyChartDialog.cpp">
      <Filter>Source Files</Filter>
    </ClCompile>
    <ClCompile Include="AnalyzeDialog.cpp">
      <Filter>Source Files</Filter>
    </ClCompile>
    <ClCompile Include="MonitorDialog.cpp">
      <Filter>Source Files</Filter>
    </ClCompile>
    <ClCompile Include="NavigationDialog.cpp">
      <Filter>Source Files</Filter>
    </ClCompile>
    <ClCompile Include="ProtocolDialog.cpp">
      <Filter>Source Files</Filter>
    </ClCompile>
    <ClCompile Include="api.cpp">
      <Filter>Source Files</Filter>
    </ClCompile>
    <ClCompile Include="CarFrameRuleObj.cpp">
      <Filter>Source Files</Filter>
    </ClCompile>
    <ClCompile Include="ParseDialog.cpp">
      <Filter>Source Files</Filter>
    </ClCompile>
    <ClCompile Include="SendFrameDialog.cpp">
      <Filter>Source Files</Filter>
    </ClCompile>
    <ClCompile Include="AbovepanListDialog.cpp">
      <Filter>Source Files</Filter>
    </ClCompile>
    <ClCompile Include="AbovepanDialog.cpp">
      <Filter>Source Files</Filter>
    </ClCompile>
    <ClCompile Include="XSCBaseDialog.cpp">
      <Filter>Source Files</Filter>
    </ClCompile>
  </ItemGroup>
  <ItemGroup>
    <ResourceCompile Include="test.rc">
      <Filter>Source Files</Filter>
    </ResourceCompile>
  </ItemGroup>
  <ItemGroup>
    <ClInclude Include="ControlCAN.h">
      <Filter>Header Files</Filter>
    </ClInclude>
    <ClInclude Include="Resource.h">
      <Filter>Header Files</Filter>
    </ClInclude>
    <ClInclude Include="StdAfx.h">
      <Filter>Header Files</Filter>
    </ClInclude>
    <ClInclude Include="test.h">
      <Filter>Header Files</Filter>
    </ClInclude>
    <ClInclude Include="testDlg.h">
      <Filter>Header Files</Filter>
    </ClInclude>
    <ClInclude Include="TestListBox.h">
      <Filter>Header Files</Filter>
    </ClInclude>
    <ClInclude Include="uTimeCounter.h">
      <Filter>Header Files</Filter>
    </ClInclude>
    <ClInclude Include="InfoDialog.h">
      <Filter>Header Files</Filter>
    </ClInclude>
    <ClInclude Include="TabCarDialog.h">
      <Filter>Header Files</Filter>
    </ClInclude>
    <ClInclude Include="TabDriverDialog.h">
      <Filter>Header Files</Filter>
    </ClInclude>
    <ClInclude Include="TabPositionDialog.h">
      <Filter>Header Files</Filter>
    </ClInclude>
    <ClInclude Include="TabExtremumDialog.h">
      <Filter>Header Files</Filter>
    </ClInclude>
    <ClInclude Include="TabBatteryV.h">
      <Filter>Header Files</Filter>
    </ClInclude>
    <ClInclude Include="TabBatteryT.h">
      <Filter>Header Files</Filter>
    </ClInclude>
    <ClInclude Include="ChartCtrl_source\ChartAxis.h">
      <Filter>Header Files</Filter>
    </ClInclude>
    <ClInclude Include="ChartCtrl_source\ChartAxisLabel.h">
      <Filter>Header Files</Filter>
    </ClInclude>
    <ClInclude Include="ChartCtrl_source\ChartBalloonLabel.h">
      <Filter>Header Files</Filter>
    </ClInclude>
    <ClInclude Include="ChartCtrl_source\ChartBarSerie.h">
      <Filter>Header Files</Filter>
    </ClInclude>
    <ClInclude Include="ChartCtrl_source\ChartCandlestickSerie.h">
      <Filter>Header Files</Filter>
    </ClInclude>
    <ClInclude Include="ChartCtrl_source\ChartCrossHairCursor.h">
      <Filter>Header Files</Filter>
    </ClInclude>
    <ClInclude Include="ChartCtrl_source\ChartCtrl.h">
      <Filter>Header Files</Filter>
    </ClInclude>
    <ClInclude Include="ChartCtrl_source\ChartCursor.h">
      <Filter>Header Files</Filter>
    </ClInclude>
    <ClInclude Include="ChartCtrl_source\ChartDateTimeAxis.h">
      <Filter>Header Files</Filter>
    </ClInclude>
    <ClInclude Include="ChartCtrl_source\ChartDragLineCursor.h">
      <Filter>Header Files</Filter>
    </ClInclude>
    <ClInclude Include="ChartCtrl_source\ChartFont.h">
      <Filter>Header Files</Filter>
    </ClInclude>
    <ClInclude Include="ChartCtrl_source\ChartGanttSerie.h">
      <Filter>Header Files</Filter>
    </ClInclude>
    <ClInclude Include="ChartCtrl_source\ChartGradient.h">
      <Filter>Header Files</Filter>
    </ClInclude>
    <ClInclude Include="ChartCtrl_source\ChartGrid.h">
      <Filter>Header Files</Filter>
    </ClInclude>
    <ClInclude Include="ChartCtrl_source\ChartLabel.h">
      <Filter>Header Files</Filter>
    </ClInclude>
    <ClInclude Include="ChartCtrl_source\ChartLegend.h">
      <Filter>Header Files</Filter>
    </ClInclude>
    <ClInclude Include="ChartCtrl_source\ChartLineSerie.h">
      <Filter>Header Files</Filter>
    </ClInclude>
    <ClInclude Include="ChartCtrl_source\ChartLogarithmicAxis.h">
      <Filter>Header Files</Filter>
    </ClInclude>
    <ClInclude Include="ChartCtrl_source\ChartMouseListener.h">
      <Filter>Header Files</Filter>
    </ClInclude>
    <ClInclude Include="ChartCtrl_source\ChartPointsArray.h">
      <Filter>Header Files</Filter>
    </ClInclude>
    <ClInclude Include="ChartCtrl_source\ChartPointsSerie.h">
      <Filter>Header Files</Filter>
    </ClInclude>
    <ClInclude Include="ChartCtrl_source\ChartScrollBar.h">
      <Filter>Header Files</Filter>
    </ClInclude>
    <ClInclude Include="ChartCtrl_source\ChartSerie.h">
      <Filter>Header Files</Filter>
    </ClInclude>
    <ClInclude Include="ChartCtrl_source\ChartSerieBase.h">
      <Filter>Header Files</Filter>
    </ClInclude>
    <ClInclude Include="ChartCtrl_source\ChartSeriesMouseListener.h">
      <Filter>Header Files</Filter>
    </ClInclude>
    <ClInclude Include="ChartCtrl_source\ChartStandardAxis.h">
      <Filter>Header Files</Filter>
    </ClInclude>
    <ClInclude Include="ChartCtrl_source\ChartString.h">
      <Filter>Header Files</Filter>
    </ClInclude>
    <ClInclude Include="ChartCtrl_source\ChartSurfaceSerie.h">
      <Filter>Header Files</Filter>
    </ClInclude>
    <ClInclude Include="ChartCtrl_source\ChartTitle.h">
      <Filter>Header Files</Filter>
    </ClInclude>
    <ClInclude Include="ChartCtrl_source\ChartXYSerie.h">
      <Filter>Header Files</Filter>
    </ClInclude>
    <ClInclude Include="ChartCtrl_source\PointsOrdering.h">
      <Filter>Header Files</Filter>
    </ClInclude>
    <ClInclude Include="TabWarnDialog.h">
      <Filter>Header Files</Filter>
    </ClInclude>
    <ClInclude Include="HaideProtocolDialog.h">
      <Filter>Header Files</Filter>
    </ClInclude>
    <ClInclude Include="FrameRuleDialog.h">
      <Filter>Header Files</Filter>
    </ClInclude>
    <ClInclude Include="CApplication.h">
      <Filter>Header Files</Filter>
    </ClInclude>
    <ClInclude Include="CWorkbook.h">
      <Filter>Header Files</Filter>
    </ClInclude>
    <ClInclude Include="CWorksheet.h">
      <Filter>Header Files</Filter>
    </ClInclude>
    <ClInclude Include="CRange.h">
      <Filter>Header Files</Filter>
    </ClInclude>
    <ClInclude Include="CWorkbooks.h">
      <Filter>Header Files</Filter>
    </ClInclude>
    <ClInclude Include="CWorksheets.h">
      <Filter>Header Files</Filter>
    </ClInclude>
    <ClInclude Include="Cnterior.h">
      <Filter>Header Files</Filter>
    </ClInclude>
    <ClInclude Include="CFont0.h">
      <Filter>Header Files</Filter>
    </ClInclude>
    <ClInclude Include="MyChartDialog.h">
      <Filter>Header Files</Filter>
    </ClInclude>
    <ClInclude Include="AnalyzeDialog.h">
      <Filter>Header Files</Filter>
    </ClInclude>
    <ClInclude Include="MonitorDialog.h">
      <Filter>Header Files</Filter>
    </ClInclude>
    <ClInclude Include="NavigationDialog.h">
      <Filter>Header Files</Filter>
    </ClInclude>
    <ClInclude Include="ProtocolDialog.h">
      <Filter>Header Files</Filter>
    </ClInclude>
    <ClInclude Include="sqlite3.h">
      <Filter>Header Files</Filter>
    </ClInclude>
    <ClInclude Include="sqlite3ext.h">
      <Filter>Header Files</Filter>
    </ClInclude>
    <ClInclude Include="api.h">
      <Filter>Header Files</Filter>
    </ClInclude>
    <ClInclude Include="CarFrameRuleObj.h">
      <Filter>Header Files</Filter>
    </ClInclude>
    <ClInclude Include="ParseDialog.h">
      <Filter>Header Files</Filter>
    </ClInclude>
    <ClInclude Include="SendFrameDialog.h">
      <Filter>Header Files</Filter>
    </ClInclude>
    <ClInclude Include="AbovepanListDialog.h">
      <Filter>Header Files</Filter>
    </ClInclude>
    <ClInclude Include="AbovepanDialog.h">
      <Filter>Header Files</Filter>
    </ClInclude>
    <ClInclude Include="XSCBaseDialog.h">
      <Filter>Header Files</Filter>
    </ClInclude>
  </ItemGroup>
  <ItemGroup>
    <Image Include="res\test.ico">
      <Filter>Resource Files</Filter>
    </Image>
  </ItemGroup>
  <ItemGroup>
    <None Include="res\test.rc2">
      <Filter>Resource Files</Filter>
    </None>
    <None Include="ChartCtrl_source\ChartBalloonLabel.inl">
      <Filter>Header Files</Filter>
    </None>
    <None Include="ChartCtrl_source\ChartLabel.inl">
      <Filter>Header Files</Filter>
    </None>
    <None Include="ChartCtrl_source\ChartPointsArray.inl">
      <Filter>Header Files</Filter>
    </None>
    <None Include="ChartCtrl_source\ChartSerieBase.inl">
      <Filter>Header Files</Filter>
    </None>
    <None Include="ClassDiagram.cd" />
    <None Include="ClassDiagram1.cd" />
  </ItemGroup>
  <ItemGroup>
    <Library Include="ControlCAN.lib" />
  </ItemGroup>
  <ItemGroup>
    <Text Include="ReadMe.txt" />
  </ItemGroup>
</Project>